
Microsoft Visual Studio Solution File, Format Version 12.00
# Visual Studio Version 17
VisualStudioVersion = 17.7.34018.315
MinimumVisualStudioVersion = 10.0.40219.1
Project("{FAE04EC0-301F-11D3-BF4B-00C04F79EFBC}") = "bus_reservation_system", "bus_reservation_system\bus_reservation_system.csproj", "{F815B15C-CF0D-49B0-8C0B-76F542AB2BCD}"
EndProject
Global
	GlobalSection(SolutionConfigurationPlatforms) = preSolution
		Debug|Any CPU = Debug|Any CPU
		Release|Any CPU = Release|Any CPU
	EndGlobalSection
	GlobalSection(ProjectConfigurationPlatforms) = postSolution
		{F815B15C-CF0D-49B0-8C0B-76F542AB2BCD}.Debug|Any CPU.ActiveCfg = Debug|Any CPU
		{F815B15C-CF0D-49B0-8C0B-76F542AB2BCD}.Debug|Any CPU.Build.0 = Debug|Any CPU
		{F815B15C-CF0D-49B0-8C0B-76F542AB2BCD}.Release|Any CPU.ActiveCfg = Release|Any CPU
		{F815B15C-CF0D-49B0-8C0B-76F542AB2BCD}.Release|Any CPU.Build.0 = Release|Any CPU
	EndGlobalSection
	GlobalSection(SolutionProperties) = preSolution
		HideSolutionNode = FALSE
	EndGlobalSection
	GlobalSection(ExtensibilityGlobals) = postSolution
		SolutionGuid = {5A68F2F6-979C-4B98-8D2B-3DAD49BE2692}
	EndGlobalSection
EndGlobal
